
Microsoft Visual Studio Solution File, Format Version 12.00
# Visual Studio Version 17
VisualStudioVersion = 17.9.34723.18
MinimumVisualStudioVersion = 10.0.40219.1
Project("{FAE04EC0-301F-11D3-BF4B-00C04F79EFBC}") = "WinFormsApp1", "WinFormsApp1.csproj", "{AC735378-D2A8-4D52-9FC9-EEA123AF34C0}"
EndProject
Global
	GlobalSection(SolutionConfigurationPlatforms) = preSolution
		Debug|Any CPU = Debug|Any CPU
		Release|Any CPU = Release|Any CPU
	EndGlobalSection
	GlobalSection(ProjectConfigurationPlatforms) = postSolution
		{AC735378-D2A8-4D52-9FC9-EEA123AF34C0}.Debug|Any CPU.ActiveCfg = Debug|Any CPU
		{AC735378-D2A8-4D52-9FC9-EEA123AF34C0}.Debug|Any CPU.Build.0 = Debug|Any CPU
		{AC735378-D2A8-4D52-9FC9-EEA123AF34C0}.Release|Any CPU.ActiveCfg = Release|Any CPU
		{AC735378-D2A8-4D52-9FC9-EEA123AF34C0}.Release|Any CPU.Build.0 = Release|Any CPU
	EndGlobalSection
	GlobalSection(SolutionProperties) = preSolution
		HideSolutionNode = FALSE
	EndGlobalSection
	GlobalSection(ExtensibilityGlobals) = postSolution
		SolutionGuid = {3B538D90-835D-4C64-A7BC-66AE60F660AE}
	EndGlobalSection
EndGlobal
